# This file is automatically @generated by Cargo.
# It is not intended for manual editing.
version = 3

[[package]]
name = "rawrgs"
version = "0.1.0"
source = "git+https://github.com/rhgrieve/rawrgs#4e179705a870a156788b54c9389b513ca08bf7f3"

[[package]]
name = "rs"
version = "0.1.0"
dependencies = [
 "rawrgs",
]
