# This file is automatically @generated by Cargo.
# It is not intended for manual editing.
version = 3

[[package]]
name = "rawrgs"
version = "0.2.0"
source = "git+https://github.com/rhgrieve/rawrgs#030cbd99c0a3efd6bf2d124620a4227aaa4c1e80"

[[package]]
name = "rs"
version = "0.1.0"
dependencies = [
 "rawrgs",
]
