# This file is automatically @generated by Cargo.
# It is not intended for manual editing.
version = 3

[[package]]
name = "rawrgs"
version = "0.1.0"
source = "git+https://github.com/rhgrieve/rawrgs#0cd2bf08088811ca3226b05b5e4b63ff8f64195b"

[[package]]
name = "rs"
version = "0.1.0"
dependencies = [
 "rawrgs",
]
